// !$*UTF8*$!
{
	archiveVersion = 1;
	classes = {
	};
	objectVersion = 56;
	objects = {

/* Begin PBXBuildFile section */
		8C8D0F662B8BAB6D000E3541 /* TestagainApp.swift in Sources */ = {isa = PBXBuildFile; fileRef = 8C8D0F652B8BAB6D000E3541 /* TestagainApp.swift */; };
		8C8D0F682B8BAB6D000E3541 /* ContentView.swift in Sources */ = {isa = PBXBuildFile; fileRef = 8C8D0F672B8BAB6D000E3541 /* ContentView.swift */; };
		8C8D0F6A2B8BAB6E000E3541 /* Assets.xcassets in Resources */ = {isa = PBXBuildFile; fileRef = 8C8D0F692B8BAB6E000E3541 /* Assets.xcassets */; };
		8C8D0F6E2B8BAB6F000E3541 /* Preview Assets.xcassets in Resources */ = {isa = PBXBuildFile; fileRef = 8C8D0F6D2B8BAB6F000E3541 /* Preview Assets.xcassets */; };
		8C8D0F782B8BAB6F000E3541 /* TestagainTests.swift in Sources */ = {isa = PBXBuildFile; fileRef = 8C8D0F772B8BAB6F000E3541 /* TestagainTests.swift */; };
		8C8D0F822B8BAB6F000E3541 /* TestagainUITests.swift in Sources */ = {isa = PBXBuildFile; fileRef = 8C8D0F812B8BAB6F000E3541 /* TestagainUITests.swift */; };
		8C8D0F842B8BAB6F000E3541 /* TestagainUITestsLaunchTests.swift in Sources */ = {isa = PBXBuildFile; fileRef = 8C8D0F832B8BAB6F000E3541 /* TestagainUITestsLaunchTests.swift */; };
		8C8D0F932B8BACDA000E3541 /* LaunchFile.swift in Sources */ = {isa = PBXBuildFile; fileRef = 8C8D0F922B8BACD9000E3541 /* LaunchFile.swift */; };
/* End PBXBuildFile section */

/* Begin PBXContainerItemProxy section */
		8C8D0F742B8BAB6F000E3541 /* PBXContainerItemProxy */ = {
			isa = PBXContainerItemProxy;
			containerPortal = 8C8D0F5A2B8BAB6D000E3541 /* Project object */;
			proxyType = 1;
			remoteGlobalIDString = 8C8D0F612B8BAB6D000E3541;
			remoteInfo = Testagain;
		};
		8C8D0F7E2B8BAB6F000E3541 /* PBXContainerItemProxy */ = {
			isa = PBXContainerItemProxy;
			containerPortal = 8C8D0F5A2B8BAB6D000E3541 /* Project object */;
			proxyType = 1;
			remoteGlobalIDString = 8C8D0F612B8BAB6D000E3541;
			remoteInfo = Testagain;
		};
/* End PBXContainerItemProxy section */

/* Begin PBXFileReference section */
		8C8D0F622B8BAB6D000E3541 /* Testagain.app */ = {isa = PBXFileReference; explicitFileType = wrapper.application; includeInIndex = 0; path = Testagain.app; sourceTree = BUILT_PRODUCTS_DIR; };
		8C8D0F652B8BAB6D000E3541 /* TestagainApp.swift */ = {isa = PBXFileReference; lastKnownFileType = sourcecode.swift; path = TestagainApp.swift; sourceTree = "<group>"; };
		8C8D0F672B8BAB6D000E3541 /* ContentView.swift */ = {isa = PBXFileReference; lastKnownFileType = sourcecode.swift; path = ContentView.swift; sourceTree = "<group>"; };
		8C8D0F692B8BAB6E000E3541 /* Assets.xcassets */ = {isa = PBXFileReference; lastKnownFileType = folder.assetcatalog; path = Assets.xcassets; sourceTree = "<group>"; };
		8C8D0F6B2B8BAB6F000E3541 /* Testagain.entitlements */ = {isa = PBXFileReference; lastKnownFileType = text.plist.entitlements; path = Testagain.entitlements; sourceTree = "<group>"; };
		8C8D0F6D2B8BAB6F000E3541 /* Preview Assets.xcassets */ = {isa = PBXFileReference; lastKnownFileType = folder.assetcatalog; path = "Preview Assets.xcassets"; sourceTree = "<group>"; };
		8C8D0F732B8BAB6F000E3541 /* TestagainTests.xctest */ = {isa = PBXFileReference; explicitFileType = wrapper.cfbundle; includeInIndex = 0; path = TestagainTests.xctest; sourceTree = BUILT_PRODUCTS_DIR; };
		8C8D0F772B8BAB6F000E3541 /* TestagainTests.swift */ = {isa = PBXFileReference; lastKnownFileType = sourcecode.swift; path = TestagainTests.swift; sourceTree = "<group>"; };
		8C8D0F7D2B8BAB6F000E3541 /* TestagainUITests.xctest */ = {isa = PBXFileReference; explicitFileType = wrapper.cfbundle; includeInIndex = 0; path = TestagainUITests.xctest; sourceTree = BUILT_PRODUCTS_DIR; };
		8C8D0F812B8BAB6F000E3541 /* TestagainUITests.swift */ = {isa = PBXFileReference; lastKnownFileType = sourcecode.swift; path = TestagainUITests.swift; sourceTree = "<group>"; };
		8C8D0F832B8BAB6F000E3541 /* TestagainUITestsLaunchTests.swift */ = {isa = PBXFileReference; lastKnownFileType = sourcecode.swift; path = TestagainUITestsLaunchTests.swift; sourceTree = "<group>"; };
		8C8D0F922B8BACD9000E3541 /* LaunchFile.swift */ = {isa = PBXFileReference; lastKnownFileType = sourcecode.swift; path = LaunchFile.swift; sourceTree = "<group>"; };
/* End PBXFileReference section */

/* Begin PBXFrameworksBuildPhase section */
		8C8D0F5F2B8BAB6D000E3541 /* Frameworks */ = {
			isa = PBXFrameworksBuildPhase;
			buildActionMask = 2147483647;
			files = (
			);
			runOnlyForDeploymentPostprocessing = 0;
		};
		8C8D0F702B8BAB6F000E3541 /* Frameworks */ = {
			isa = PBXFrameworksBuildPhase;
			buildActionMask = 2147483647;
			files = (
			);
			runOnlyForDeploymentPostprocessing = 0;
		};
		8C8D0F7A2B8BAB6F000E3541 /* Frameworks */ = {
			isa = PBXFrameworksBuildPhase;
			buildActionMask = 2147483647;
			files = (
			);
			runOnlyForDeploymentPostprocessing = 0;
		};
/* End PBXFrameworksBuildPhase section */

/* Begin PBXGroup section */
		8C8D0F592B8BAB6D000E3541 = {
			isa = PBXGroup;
			children = (
				8C8D0F642B8BAB6D000E3541 /* Testagain */,
				8C8D0F762B8BAB6F000E3541 /* TestagainTests */,
				8C8D0F802B8BAB6F000E3541 /* TestagainUITests */,
				8C8D0F632B8BAB6D000E3541 /* Products */,
			);
			sourceTree = "<group>";
		};
		8C8D0F632B8BAB6D000E3541 /* Products */ = {
			isa = PBXGroup;
			children = (
				8C8D0F622B8BAB6D000E3541 /* Testagain.app */,
				8C8D0F732B8BAB6F000E3541 /* TestagainTests.xctest */,
				8C8D0F7D2B8BAB6F000E3541 /* TestagainUITests.xctest */,
			);
			name = Products;
			sourceTree = "<group>";
		};
		8C8D0F642B8BAB6D000E3541 /* Testagain */ = {
			isa = PBXGroup;
			children = (
				8C8D0F652B8BAB6D000E3541 /* TestagainApp.swift */,
				8C8D0F672B8BAB6D000E3541 /* ContentView.swift */,
				8C8D0F692B8BAB6E000E3541 /* Assets.xcassets */,
				8C8D0F6B2B8BAB6F000E3541 /* Testagain.entitlements */,
				8C8D0F6C2B8BAB6F000E3541 /* Preview Content */,
				8C8D0F922B8BACD9000E3541 /* LaunchFile.swift */,
			);
			path = Testagain;
			sourceTree = "<group>";
		};
		8C8D0F6C2B8BAB6F000E3541 /* Preview Content */ = {
			isa = PBXGroup;
			children = (
				8C8D0F6D2B8BAB6F000E3541 /* Preview Assets.xcassets */,
			);
			path = "Preview Content";
			sourceTree = "<group>";
		};
		8C8D0F762B8BAB6F000E3541 /* TestagainTests */ = {
			isa = PBXGroup;
			children = (
				8C8D0F772B8BAB6F000E3541 /* TestagainTests.swift */,
			);
			path = TestagainTests;
			sourceTree = "<group>";
		};
		8C8D0F802B8BAB6F000E3541 /* TestagainUITests */ = {
			isa = PBXGroup;
			children = (
				8C8D0F812B8BAB6F000E3541 /* TestagainUITests.swift */,
				8C8D0F832B8BAB6F000E3541 /* TestagainUITestsLaunchTests.swift */,
			);
			path = TestagainUITests;
			sourceTree = "<group>";
		};
/* End PBXGroup section */

/* Begin PBXNativeTarget section */
		8C8D0F612B8BAB6D000E3541 /* Testagain */ = {
			isa = PBXNativeTarget;
			buildConfigurationList = 8C8D0F872B8BAB6F000E3541 /* Build configuration list for PBXNativeTarget "Testagain" */;
			buildPhases = (
				8C8D0F5E2B8BAB6D000E3541 /* Sources */,
				8C8D0F5F2B8BAB6D000E3541 /* Frameworks */,
				8C8D0F602B8BAB6D000E3541 /* Resources */,
			);
			buildRules = (
			);
			dependencies = (
			);
			name = Testagain;
			productName = Testagain;
			productReference = 8C8D0F622B8BAB6D000E3541 /* Testagain.app */;
			productType = "com.apple.product-type.application";
		};
		8C8D0F722B8BAB6F000E3541 /* TestagainTests */ = {
			isa = PBXNativeTarget;
			buildConfigurationList = 8C8D0F8A2B8BAB6F000E3541 /* Build configuration list for PBXNativeTarget "TestagainTests" */;
			buildPhases = (
				8C8D0F6F2B8BAB6F000E3541 /* Sources */,
				8C8D0F702B8BAB6F000E3541 /* Frameworks */,
				8C8D0F712B8BAB6F000E3541 /* Resources */,
			);
			buildRules = (
			);
			dependencies = (
				8C8D0F752B8BAB6F000E3541 /* PBXTargetDependency */,
			);
			name = TestagainTests;
			productName = TestagainTests;
			productReference = 8C8D0F732B8BAB6F000E3541 /* TestagainTests.xctest */;
			productType = "com.apple.product-type.bundle.unit-test";
		};
		8C8D0F7C2B8BAB6F000E3541 /* TestagainUITests */ = {
			isa = PBXNativeTarget;
			buildConfigurationList = 8C8D0F8D2B8BAB6F000E3541 /* Build configuration list for PBXNativeTarget "TestagainUITests" */;
			buildPhases = (
				8C8D0F792B8BAB6F000E3541 /* Sources */,
				8C8D0F7A2B8BAB6F000E3541 /* Frameworks */,
				8C8D0F7B2B8BAB6F000E3541 /* Resources */,
			);
			buildRules = (
			);
			dependencies = (
				8C8D0F7F2B8BAB6F000E3541 /* PBXTargetDependency */,
			);
			name = TestagainUITests;
			productName = TestagainUITests;
			productReference = 8C8D0F7D2B8BAB6F000E3541 /* TestagainUITests.xctest */;
			productType = "com.apple.product-type.bundle.ui-testing";
		};
/* End PBXNativeTarget section */

/* Begin PBXProject section */
		8C8D0F5A2B8BAB6D000E3541 /* Project object */ = {
			isa = PBXProject;
			attributes = {
				BuildIndependentTargetsInParallel = 1;
				LastSwiftUpdateCheck = 1520;
				LastUpgradeCheck = 1520;
				TargetAttributes = {
					8C8D0F612B8BAB6D000E3541 = {
						CreatedOnToolsVersion = 15.2;
					};
					8C8D0F722B8BAB6F000E3541 = {
						CreatedOnToolsVersion = 15.2;
						TestTargetID = 8C8D0F612B8BAB6D000E3541;
					};
					8C8D0F7C2B8BAB6F000E3541 = {
						CreatedOnToolsVersion = 15.2;
						TestTargetID = 8C8D0F612B8BAB6D000E3541;
					};
				};
			};
			buildConfigurationList = 8C8D0F5D2B8BAB6D000E3541 /* Build configuration list for PBXProject "Testagain" */;
			compatibilityVersion = "Xcode 14.0";
			developmentRegion = en;
			hasScannedForEncodings = 0;
			knownRegions = (
				en,
				Base,
			);
			mainGroup = 8C8D0F592B8BAB6D000E3541;
			productRefGroup = 8C8D0F632B8BAB6D000E3541 /* Products */;
			projectDirPath = "";
			projectRoot = "";
			targets = (
				8C8D0F612B8BAB6D000E3541 /* Testagain */,
				8C8D0F722B8BAB6F000E3541 /* TestagainTests */,
				8C8D0F7C2B8BAB6F000E3541 /* TestagainUITests */,
			);
		};
/* End PBXProject section */

/* Begin PBXResourcesBuildPhase section */
		8C8D0F602B8BAB6D000E3541 /* Resources */ = {
			isa = PBXResourcesBuildPhase;
			buildActionMask = 2147483647;
			files = (
				8C8D0F6E2B8BAB6F000E3541 /* Preview Assets.xcassets in Resources */,
				8C8D0F6A2B8BAB6E000E3541 /* Assets.xcassets in Resources */,
			);
			runOnlyForDeploymentPostprocessing = 0;
		};
		8C8D0F712B8BAB6F000E3541 /* Resources */ = {
			isa = PBXResourcesBuildPhase;
			buildActionMask = 2147483647;
			files = (
			);
			runOnlyForDeploymentPostprocessing = 0;
		};
		8C8D0F7B2B8BAB6F000E3541 /* Resources */ = {
			isa = PBXResourcesBuildPhase;
			buildActionMask = 2147483647;
			files = (
			);
			runOnlyForDeploymentPostprocessing = 0;
		};
/* End PBXResourcesBuildPhase section */

/* Begin PBXSourcesBuildPhase section */
		8C8D0F5E2B8BAB6D000E3541 /* Sources */ = {
			isa = PBXSourcesBuildPhase;
			buildActionMask = 2147483647;
			files = (
				8C8D0F682B8BAB6D000E3541 /* ContentView.swift in Sources */,
				8C8D0F932B8BACDA000E3541 /* LaunchFile.swift in Sources */,
				8C8D0F662B8BAB6D000E3541 /* TestagainApp.swift in Sources */,
			);
			runOnlyForDeploymentPostprocessing = 0;
		};
		8C8D0F6F2B8BAB6F000E3541 /* Sources */ = {
			isa = PBXSourcesBuildPhase;
			buildActionMask = 2147483647;
			files = (
				8C8D0F782B8BAB6F000E3541 /* TestagainTests.swift in Sources */,
			);
			runOnlyForDeploymentPostprocessing = 0;
		};
		8C8D0F792B8BAB6F000E3541 /* Sources */ = {
			isa = PBXSourcesBuildPhase;
			buildActionMask = 2147483647;
			files = (
				8C8D0F822B8BAB6F000E3541 /* TestagainUITests.swift in Sources */,
				8C8D0F842B8BAB6F000E3541 /* TestagainUITestsLaunchTests.swift in Sources */,
			);
			runOnlyForDeploymentPostprocessing = 0;
		};
/* End PBXSourcesBuildPhase section */

/* Begin PBXTargetDependency section */
		8C8D0F752B8BAB6F000E3541 /* PBXTargetDependency */ = {
			isa = PBXTargetDependency;
			target = 8C8D0F612B8BAB6D000E3541 /* Testagain */;
			targetProxy = 8C8D0F742B8BAB6F000E3541 /* PBXContainerItemProxy */;
		};
		8C8D0F7F2B8BAB6F000E3541 /* PBXTargetDependency */ = {
			isa = PBXTargetDependency;
			target = 8C8D0F612B8BAB6D000E3541 /* Testagain */;
			targetProxy = 8C8D0F7E2B8BAB6F000E3541 /* PBXContainerItemProxy */;
		};
/* End PBXTargetDependency section */

/* Begin XCBuildConfiguration section */
		8C8D0F852B8BAB6F000E3541 /* Debug */ = {
			isa = XCBuildConfiguration;
			buildSettings = {
				ALWAYS_SEARCH_USER_PATHS = NO;
				ASSETCATALOG_COMPILER_GENERATE_SWIFT_ASSET_SYMBOL_EXTENSIONS = YES;
				CLANG_ANALYZER_NONNULL = YES;
				CLANG_ANALYZER_NUMBER_OBJECT_CONVERSION = YES_AGGRESSIVE;
				CLANG_CXX_LANGUAGE_STANDARD = "gnu++20";
				CLANG_ENABLE_MODULES = YES;
				CLANG_ENABLE_OBJC_ARC = YES;
				CLANG_ENABLE_OBJC_WEAK = YES;
				CLANG_WARN_BLOCK_CAPTURE_AUTORELEASING = YES;
				CLANG_WARN_BOOL_CONVERSION = YES;
				CLANG_WARN_COMMA = YES;
				CLANG_WARN_CONSTANT_CONVERSION = YES;
				CLANG_WARN_DEPRECATED_OBJC_IMPLEMENTATIONS = YES;
				CLANG_WARN_DIRECT_OBJC_ISA_USAGE = YES_ERROR;
				CLANG_WARN_DOCUMENTATION_COMMENTS = YES;
				CLANG_WARN_EMPTY_BODY = YES;
				CLANG_WARN_ENUM_CONVERSION = YES;
				CLANG_WARN_INFINITE_RECURSION = YES;
				CLANG_WARN_INT_CONVERSION = YES;
				CLANG_WARN_NON_LITERAL_NULL_CONVERSION = YES;
				CLANG_WARN_OBJC_IMPLICIT_RETAIN_SELF = YES;
				CLANG_WARN_OBJC_LITERAL_CONVERSION = YES;
				CLANG_WARN_OBJC_ROOT_CLASS = YES_ERROR;
				CLANG_WARN_QUOTED_INCLUDE_IN_FRAMEWORK_HEADER = YES;
				CLANG_WARN_RANGE_LOOP_ANALYSIS = YES;
				CLANG_WARN_STRICT_PROTOTYPES = YES;
				CLANG_WARN_SUSPICIOUS_MOVE = YES;
				CLANG_WARN_UNGUARDED_AVAILABILITY = YES_AGGRESSIVE;
				CLANG_WARN_UNREACHABLE_CODE = YES;
				CLANG_WARN__DUPLICATE_METHOD_MATCH = YES;
				COPY_PHASE_STRIP = NO;
				DEBUG_INFORMATION_FORMAT = dwarf;
				ENABLE_STRICT_OBJC_MSGSEND = YES;
				ENABLE_TESTABILITY = YES;
				ENABLE_USER_SCRIPT_SANDBOXING = YES;
				GCC_C_LANGUAGE_STANDARD = gnu17;
				GCC_DYNAMIC_NO_PIC = NO;
				GCC_NO_COMMON_BLOCKS = YES;
				GCC_OPTIMIZATION_LEVEL = 0;
				GCC_PREPROCESSOR_DEFINITIONS = (
					"DEBUG=1",
					"$(inherited)",
				);
				GCC_WARN_64_TO_32_BIT_CONVERSION = YES;
				GCC_WARN_ABOUT_RETURN_TYPE = YES_ERROR;
				GCC_WARN_UNDECLARED_SELECTOR = YES;
				GCC_WARN_UNINITIALIZED_AUTOS = YES_AGGRESSIVE;
				GCC_WARN_UNUSED_FUNCTION = YES;
				GCC_WARN_UNUSED_VARIABLE = YES;
				LOCALIZATION_PREFERS_STRING_CATALOGS = YES;
				MTL_ENABLE_DEBUG_INFO = INCLUDE_SOURCE;
				MTL_FAST_MATH = YES;
				ONLY_ACTIVE_ARCH = YES;
				SWIFT_ACTIVE_COMPILATION_CONDITIONS = "DEBUG $(inherited)";
				SWIFT_OPTIMIZATION_LEVEL = "-Onone";
			};
			name = Debug;
		};
		8C8D0F862B8BAB6F000E3541 /* Release */ = {
			isa = XCBuildConfiguration;
			buildSettings = {
				ALWAYS_SEARCH_USER_PATHS = NO;
				ASSETCATALOG_COMPILER_GENERATE_SWIFT_ASSET_SYMBOL_EXTENSIONS = YES;
				CLANG_ANALYZER_NONNULL = YES;
				CLANG_ANALYZER_NUMBER_OBJECT_CONVERSION = YES_AGGRESSIVE;
				CLANG_CXX_LANGUAGE_STANDARD = "gnu++20";
				CLANG_ENABLE_MODULES = YES;
				CLANG_ENABLE_OBJC_ARC = YES;
				CLANG_ENABLE_OBJC_WEAK = YES;
				CLANG_WARN_BLOCK_CAPTURE_AUTORELEASING = YES;
				CLANG_WARN_BOOL_CONVERSION = YES;
				CLANG_WARN_COMMA = YES;
				CLANG_WARN_CONSTANT_CONVERSION = YES;
				CLANG_WARN_DEPRECATED_OBJC_IMPLEMENTATIONS = YES;
				CLANG_WARN_DIRECT_OBJC_ISA_USAGE = YES_ERROR;
				CLANG_WARN_DOCUMENTATION_COMMENTS = YES;
				CLANG_WARN_EMPTY_BODY = YES;
				CLANG_WARN_ENUM_CONVERSION = YES;
				CLANG_WARN_INFINITE_RECURSION = YES;
				CLANG_WARN_INT_CONVERSION = YES;
				CLANG_WARN_NON_LITERAL_NULL_CONVERSION = YES;
				CLANG_WARN_OBJC_IMPLICIT_RETAIN_SELF = YES;
				CLANG_WARN_OBJC_LITERAL_CONVERSION = YES;
				CLANG_WARN_OBJC_ROOT_CLASS = YES_ERROR;
				CLANG_WARN_QUOTED_INCLUDE_IN_FRAMEWORK_HEADER = YES;
				CLANG_WARN_RANGE_LOOP_ANALYSIS = YES;
				CLANG_WARN_STRICT_PROTOTYPES = YES;
				CLANG_WARN_SUSPICIOUS_MOVE = YES;
				CLANG_WARN_UNGUARDED_AVAILABILITY = YES_AGGRESSIVE;
				CLANG_WARN_UNREACHABLE_CODE = YES;
				CLANG_WARN__DUPLICATE_METHOD_MATCH = YES;
				COPY_PHASE_STRIP = NO;
				DEBUG_INFORMATION_FORMAT = "dwarf-with-dsym";
				ENABLE_NS_ASSERTIONS = NO;
				ENABLE_STRICT_OBJC_MSGSEND = YES;
				ENABLE_USER_SCRIPT_SANDBOXING = YES;
				GCC_C_LANGUAGE_STANDARD = gnu17;
				GCC_NO_COMMON_BLOCKS = YES;
				GCC_WARN_64_TO_32_BIT_CONVERSION = YES;
				GCC_WARN_ABOUT_RETURN_TYPE = YES_ERROR;
				GCC_WARN_UNDECLARED_SELECTOR = YES;
				GCC_WARN_UNINITIALIZED_AUTOS = YES_AGGRESSIVE;
				GCC_WARN_UNUSED_FUNCTION = YES;
				GCC_WARN_UNUSED_VARIABLE = YES;
				LOCALIZATION_PREFERS_STRING_CATALOGS = YES;
				MTL_ENABLE_DEBUG_INFO = NO;
				MTL_FAST_MATH = YES;
				SWIFT_COMPILATION_MODE = wholemodule;
			};
			name = Release;
		};
		8C8D0F882B8BAB6F000E3541 /* Debug */ = {
			isa = XCBuildConfiguration;
			buildSettings = {
				ASSETCATALOG_COMPILER_APPICON_NAME = AppIcon;
				ASSETCATALOG_COMPILER_GLOBAL_ACCENT_COLOR_NAME = AccentColor;
				CODE_SIGN_ENTITLEMENTS = Testagain/Testagain.entitlements;
				CODE_SIGN_STYLE = Automatic;
				CURRENT_PROJECT_VERSION = 1;
				DEVELOPMENT_ASSET_PATHS = "\"Testagain/Preview Content\"";
				ENABLE_PREVIEWS = YES;
				GENERATE_INFOPLIST_FILE = YES;
				"INFOPLIST_KEY_UIApplicationSceneManifest_Generation[sdk=iphoneos*]" = YES;
				"INFOPLIST_KEY_UIApplicationSceneManifest_Generation[sdk=iphonesimulator*]" = YES;
				"INFOPLIST_KEY_UIApplicationSupportsIndirectInputEvents[sdk=iphoneos*]" = YES;
				"INFOPLIST_KEY_UIApplicationSupportsIndirectInputEvents[sdk=iphonesimulator*]" = YES;
				"INFOPLIST_KEY_UILaunchScreen_Generation[sdk=iphoneos*]" = YES;
				"INFOPLIST_KEY_UILaunchScreen_Generation[sdk=iphonesimulator*]" = YES;
				"INFOPLIST_KEY_UIStatusBarStyle[sdk=iphoneos*]" = UIStatusBarStyleDefault;
				"INFOPLIST_KEY_UIStatusBarStyle[sdk=iphonesimulator*]" = UIStatusBarStyleDefault;
				INFOPLIST_KEY_UISupportedInterfaceOrientations_iPad = "UIInterfaceOrientationPortrait UIInterfaceOrientationPortraitUpsideDown UIInterfaceOrientationLandscapeLeft UIInterfaceOrientationLandscapeRight";
				INFOPLIST_KEY_UISupportedInterfaceOrientations_iPhone = "UIInterfaceOrientationPortrait UIInterfaceOrientationLandscapeLeft UIInterfaceOrientationLandscapeRight";
				IPHONEOS_DEPLOYMENT_TARGET = 17.2;
				LD_RUNPATH_SEARCH_PATHS = "@executable_path/Frameworks";
				"LD_RUNPATH_SEARCH_PATHS[sdk=macosx*]" = "@executable_path/../Frameworks";
				MACOSX_DEPLOYMENT_TARGET = 14.2;
				MARKETING_VERSION = 1.0;
				PRODUCT_BUNDLE_IDENTIFIER = test.Testagain;
				PRODUCT_NAME = "$(TARGET_NAME)";
				SDKROOT = auto;
				SUPPORTED_PLATFORMS = "iphoneos iphonesimulator macosx";
				SWIFT_EMIT_LOC_STRINGS = YES;
				SWIFT_VERSION = 5.0;
				TARGETED_DEVICE_FAMILY = "1,2";
			};
			name = Debug;
		};
		8C8D0F892B8BAB6F000E3541 /* Release */ = {
			isa = XCBuildConfiguration;
			buildSettings = {
				ASSETCATALOG_COMPILER_APPICON_NAME = AppIcon;
				ASSETCATALOG_COMPILER_GLOBAL_ACCENT_COLOR_NAME = AccentColor;
				CODE_SIGN_ENTITLEMENTS = Testagain/Testagain.entitlements;
				CODE_SIGN_STYLE = Automatic;
				CURRENT_PROJECT_VERSION = 1;
				DEVELOPMENT_ASSET_PATHS = "\"Testagain/Preview Content\"";
				ENABLE_PREVIEWS = YES;
				GENERATE_INFOPLIST_FILE = YES;
				"INFOPLIST_KEY_UIApplicationSceneManifest_Generation[sdk=iphoneos*]" = YES;
				"INFOPLIST_KEY_UIApplicationSceneManifest_Generation[sdk=iphonesimulator*]" = YES;
				"INFOPLIST_KEY_UIApplicationSupportsIndirectInputEvents[sdk=iphoneos*]" = YES;
				"INFOPLIST_KEY_UIApplicationSupportsIndirectInputEvents[sdk=iphonesimulator*]" = YES;
				"INFOPLIST_KEY_UILaunchScreen_Generation[sdk=iphoneos*]" = YES;
				"INFOPLIST_KEY_UILaunchScreen_Generation[sdk=iphonesimulator*]" = YES;
				"INFOPLIST_KEY_UIStatusBarStyle[sdk=iphoneos*]" = UIStatusBarStyleDefault;
				"INFOPLIST_KEY_UIStatusBarStyle[sdk=iphonesimulator*]" = UIStatusBarStyleDefault;
				INFOPLIST_KEY_UISupportedInterfaceOrientations_iPad = "UIInterfaceOrientationPortrait UIInterfaceOrientationPortraitUpsideDown UIInterfaceOrientationLandscapeLeft UIInterfaceOrientationLandscapeRight";
				INFOPLIST_KEY_UISupportedInterfaceOrientations_iPhone = "UIInterfaceOrientationPortrait UIInterfaceOrientationLandscapeLeft UIInterfaceOrientationLandscapeRight";
				IPHONEOS_DEPLOYMENT_TARGET = 17.2;
				LD_RUNPATH_SEARCH_PATHS = "@executable_path/Frameworks";
				"LD_RUNPATH_SEARCH_PATHS[sdk=macosx*]" = "@executable_path/../Frameworks";
				MACOSX_DEPLOYMENT_TARGET = 14.2;
				MARKETING_VERSION = 1.0;
				PRODUCT_BUNDLE_IDENTIFIER = test.Testagain;
				PRODUCT_NAME = "$(TARGET_NAME)";
				SDKROOT = auto;
				SUPPORTED_PLATFORMS = "iphoneos iphonesimulator macosx";
				SWIFT_EMIT_LOC_STRINGS = YES;
				SWIFT_VERSION = 5.0;
				TARGETED_DEVICE_FAMILY = "1,2";
			};
			name = Release;
		};
		8C8D0F8B2B8BAB6F000E3541 /* Debug */ = {
			isa = XCBuildConfiguration;
			buildSettings = {
				ALWAYS_EMBED_SWIFT_STANDARD_LIBRARIES = YES;
				BUNDLE_LOADER = "$(TEST_HOST)";
				CODE_SIGN_STYLE = Automatic;
				CURRENT_PROJECT_VERSION = 1;
				GENERATE_INFOPLIST_FILE = YES;
				IPHONEOS_DEPLOYMENT_TARGET = 17.2;
				MACOSX_DEPLOYMENT_TARGET = 14.2;
				MARKETING_VERSION = 1.0;
				PRODUCT_BUNDLE_IDENTIFIER = test.TestagainTests;
				PRODUCT_NAME = "$(TARGET_NAME)";
				SDKROOT = auto;
				SUPPORTED_PLATFORMS = "iphoneos iphonesimulator macosx";
				SWIFT_EMIT_LOC_STRINGS = NO;
				SWIFT_VERSION = 5.0;
				TARGETED_DEVICE_FAMILY = "1,2";
				TEST_HOST = "$(BUILT_PRODUCTS_DIR)/Testagain.app/$(BUNDLE_EXECUTABLE_FOLDER_PATH)/Testagain";
			};
			name = Debug;
		};
		8C8D0F8C2B8BAB6F000E3541 /* Release */ = {
			isa = XCBuildConfiguration;
			buildSettings = {
				ALWAYS_EMBED_SWIFT_STANDARD_LIBRARIES = YES;
				BUNDLE_LOADER = "$(TEST_HOST)";
				CODE_SIGN_STYLE = Automatic;
				CURRENT_PROJECT_VERSION = 1;
				GENERATE_INFOPLIST_FILE = YES;
				IPHONEOS_DEPLOYMENT_TARGET = 17.2;
				MACOSX_DEPLOYMENT_TARGET = 14.2;
				MARKETING_VERSION = 1.0;
				PRODUCT_BUNDLE_IDENTIFIER = test.TestagainTests;
				PRODUCT_NAME = "$(TARGET_NAME)";
				SDKROOT = auto;
				SUPPORTED_PLATFORMS = "iphoneos iphonesimulator macosx";
				SWIFT_EMIT_LOC_STRINGS = NO;
				SWIFT_VERSION = 5.0;
				TARGETED_DEVICE_FAMILY = "1,2";
				TEST_HOST = "$(BUILT_PRODUCTS_DIR)/Testagain.app/$(BUNDLE_EXECUTABLE_FOLDER_PATH)/Testagain";
			};
			name = Release;
		};
		8C8D0F8E2B8BAB6F000E3541 /* Debug */ = {
			isa = XCBuildConfiguration;
			buildSettings = {
				ALWAYS_EMBED_SWIFT_STANDARD_LIBRARIES = YES;
				CODE_SIGN_STYLE = Automatic;
				CURRENT_PROJECT_VERSION = 1;
				GENERATE_INFOPLIST_FILE = YES;
				IPHONEOS_DEPLOYMENT_TARGET = 17.2;
				MACOSX_DEPLOYMENT_TARGET = 14.2;
				MARKETING_VERSION = 1.0;
				PRODUCT_BUNDLE_IDENTIFIER = test.TestagainUITests;
				PRODUCT_NAME = "$(TARGET_NAME)";
				SDKROOT = auto;
				SUPPORTED_PLATFORMS = "iphoneos iphonesimulator macosx";
				SWIFT_EMIT_LOC_STRINGS = NO;
				SWIFT_VERSION = 5.0;
				TARGETED_DEVICE_FAMILY = "1,2";
				TEST_TARGET_NAME = Testagain;
			};
			name = Debug;
		};
		8C8D0F8F2B8BAB6F000E3541 /* Release */ = {
			isa = XCBuildConfiguration;
			buildSettings = {
				ALWAYS_EMBED_SWIFT_STANDARD_LIBRARIES = YES;
				CODE_SIGN_STYLE = Automatic;
				CURRENT_PROJECT_VERSION = 1;
				GENERATE_INFOPLIST_FILE = YES;
				IPHONEOS_DEPLOYMENT_TARGET = 17.2;
				MACOSX_DEPLOYMENT_TARGET = 14.2;
				MARKETING_VERSION = 1.0;
				PRODUCT_BUNDLE_IDENTIFIER = test.TestagainUITests;
				PRODUCT_NAME = "$(TARGET_NAME)";
				SDKROOT = auto;
				SUPPORTED_PLATFORMS = "iphoneos iphonesimulator macosx";
				SWIFT_EMIT_LOC_STRINGS = NO;
				SWIFT_VERSION = 5.0;
				TARGETED_DEVICE_FAMILY = "1,2";
				TEST_TARGET_NAME = Testagain;
			};
			name = Release;
		};
/* End XCBuildConfiguration section */

/* Begin XCConfigurationList section */
		8C8D0F5D2B8BAB6D000E3541 /* Build configuration list for PBXProject "Testagain" */ = {
			isa = XCConfigurationList;
			buildConfigurations = (
				8C8D0F852B8BAB6F000E3541 /* Debug */,
				8C8D0F862B8BAB6F000E3541 /* Release */,
			);
			defaultConfigurationIsVisible = 0;
			defaultConfigurationName = Release;
		};
		8C8D0F872B8BAB6F000E3541 /* Build configuration list for PBXNativeTarget "Testagain" */ = {
			isa = XCConfigurationList;
			buildConfigurations = (
				8C8D0F882B8BAB6F000E3541 /* Debug */,
				8C8D0F892B8BAB6F000E3541 /* Release */,
			);
			defaultConfigurationIsVisible = 0;
			defaultConfigurationName = Release;
		};
		8C8D0F8A2B8BAB6F000E3541 /* Build configuration list for PBXNativeTarget "TestagainTests" */ = {
			isa = XCConfigurationList;
			buildConfigurations = (
				8C8D0F8B2B8BAB6F000E3541 /* Debug */,
				8C8D0F8C2B8BAB6F000E3541 /* Release */,
			);
			defaultConfigurationIsVisible = 0;
			defaultConfigurationName = Release;
		};
		8C8D0F8D2B8BAB6F000E3541 /* Build configuration list for PBXNativeTarget "TestagainUITests" */ = {
			isa = XCConfigurationList;
			buildConfigurations = (
				8C8D0F8E2B8BAB6F000E3541 /* Debug */,
				8C8D0F8F2B8BAB6F000E3541 /* Release */,
			);
			defaultConfigurationIsVisible = 0;
			defaultConfigurationName = Release;
		};
/* End XCConfigurationList section */
	};
	rootObject = 8C8D0F5A2B8BAB6D000E3541 /* Project object */;
}
